
Microsoft Visual Studio Solution File, Format Version 12.00
# Visual Studio Version 16
VisualStudioVersion = 16.0.29728.190
MinimumVisualStudioVersion = 10.0.40219.1
Project("{FAE04EC0-301F-11D3-BF4B-00C04F79EFBC}") = "ExchangeSort", "ExchangeSort\ExchangeSort.csproj", "{07F38BCF-1BE8-46BF-9F07-214CE9165B37}"
EndProject
Global
	GlobalSection(SolutionConfigurationPlatforms) = preSolution
		Debug|Any CPU = Debug|Any CPU
		Release|Any CPU = Release|Any CPU
	EndGlobalSection
	GlobalSection(ProjectConfigurationPlatforms) = postSolution
		{07F38BCF-1BE8-46BF-9F07-214CE9165B37}.Debug|Any CPU.ActiveCfg = Debug|Any CPU
		{07F38BCF-1BE8-46BF-9F07-214CE9165B37}.Debug|Any CPU.Build.0 = Debug|Any CPU
		{07F38BCF-1BE8-46BF-9F07-214CE9165B37}.Release|Any CPU.ActiveCfg = Release|Any CPU
		{07F38BCF-1BE8-46BF-9F07-214CE9165B37}.Release|Any CPU.Build.0 = Release|Any CPU
	EndGlobalSection
	GlobalSection(SolutionProperties) = preSolution
		HideSolutionNode = FALSE
	EndGlobalSection
	GlobalSection(ExtensibilityGlobals) = postSolution
		SolutionGuid = {C1BBF667-401E-4B5A-BAD1-25C0D7839B54}
	EndGlobalSection
EndGlobal
